// !$*UTF8*$!
{
	archiveVersion = 1;
	classes = {
	};
	objectVersion = 46;
	objects = {

/* Begin PBXBuildFile section */
		349EB53C1AF03083000767C8 /* AppDelegate.swift in Sources */ = {isa = PBXBuildFile; fileRef = 349EB53B1AF03083000767C8 /* AppDelegate.swift */; };
		349EB53E1AF03083000767C8 /* ViewController.swift in Sources */ = {isa = PBXBuildFile; fileRef = 349EB53D1AF03083000767C8 /* ViewController.swift */; };
		349EB5411AF03083000767C8 /* Main.storyboard in Resources */ = {isa = PBXBuildFile; fileRef = 349EB53F1AF03083000767C8 /* Main.storyboard */; };
		349EB5431AF03083000767C8 /* Images.xcassets in Resources */ = {isa = PBXBuildFile; fileRef = 349EB5421AF03083000767C8 /* Images.xcassets */; };
		349EB5461AF03083000767C8 /* LaunchScreen.xib in Resources */ = {isa = PBXBuildFile; fileRef = 349EB5441AF03083000767C8 /* LaunchScreen.xib */; };
		349EB5521AF03083000767C8 /* SupermarketCheckoutKataTests.swift in Sources */ = {isa = PBXBuildFile; fileRef = 349EB5511AF03083000767C8 /* SupermarketCheckoutKataTests.swift */; };
/* End PBXBuildFile section */

/* Begin PBXContainerItemProxy section */
		349EB54C1AF03083000767C8 /* PBXContainerItemProxy */ = {
			isa = PBXContainerItemProxy;
			containerPortal = 349EB52E1AF03083000767C8 /* Project object */;
			proxyType = 1;
			remoteGlobalIDString = 349EB5351AF03083000767C8;
			remoteInfo = SupermarketCheckoutKata;
		};
/* End PBXContainerItemProxy section */

/* Begin PBXFileReference section */
		349EB5361AF03083000767C8 /* SupermarketCheckoutKata.app */ = {isa = PBXFileReference; explicitFileType = wrapper.application; includeInIndex = 0; path = SupermarketCheckoutKata.app; sourceTree = BUILT_PRODUCTS_DIR; };
		349EB53A1AF03083000767C8 /* Info.plist */ = {isa = PBXFileReference; lastKnownFileType = text.plist.xml; path = Info.plist; sourceTree = "<group>"; };
		349EB53B1AF03083000767C8 /* AppDelegate.swift */ = {isa = PBXFileReference; lastKnownFileType = sourcecode.swift; path = AppDelegate.swift; sourceTree = "<group>"; };
		349EB53D1AF03083000767C8 /* ViewController.swift */ = {isa = PBXFileReference; lastKnownFileType = sourcecode.swift; path = ViewController.swift; sourceTree = "<group>"; };
		349EB5401AF03083000767C8 /* Base */ = {isa = PBXFileReference; lastKnownFileType = file.storyboard; name = Base; path = Base.lproj/Main.storyboard; sourceTree = "<group>"; };
		349EB5421AF03083000767C8 /* Images.xcassets */ = {isa = PBXFileReference; lastKnownFileType = folder.assetcatalog; path = Images.xcassets; sourceTree = "<group>"; };
		349EB5451AF03083000767C8 /* Base */ = {isa = PBXFileReference; lastKnownFileType = file.xib; name = Base; path = Base.lproj/LaunchScreen.xib; sourceTree = "<group>"; };
		349EB54B1AF03083000767C8 /* SupermarketCheckoutKataTests.xctest */ = {isa = PBXFileReference; explicitFileType = wrapper.cfbundle; includeInIndex = 0; path = SupermarketCheckoutKataTests.xctest; sourceTree = BUILT_PRODUCTS_DIR; };
		349EB5501AF03083000767C8 /* Info.plist */ = {isa = PBXFileReference; lastKnownFileType = text.plist.xml; path = Info.plist; sourceTree = "<group>"; };
		349EB5511AF03083000767C8 /* SupermarketCheckoutKataTests.swift */ = {isa = PBXFileReference; lastKnownFileType = sourcecode.swift; path = SupermarketCheckoutKataTests.swift; sourceTree = "<group>"; };
/* End PBXFileReference section */

/* Begin PBXFrameworksBuildPhase section */
		349EB5331AF03083000767C8 /* Frameworks */ = {
			isa = PBXFrameworksBuildPhase;
			buildActionMask = 2147483647;
			files = (
			);
			runOnlyForDeploymentPostprocessing = 0;
		};
		349EB5481AF03083000767C8 /* Frameworks */ = {
			isa = PBXFrameworksBuildPhase;
			buildActionMask = 2147483647;
			files = (
			);
			runOnlyForDeploymentPostprocessing = 0;
		};
/* End PBXFrameworksBuildPhase section */

/* Begin PBXGroup section */
		349EB52D1AF03083000767C8 = {
			isa = PBXGroup;
			children = (
				349EB5381AF03083000767C8 /* SupermarketCheckoutKata */,
				349EB54E1AF03083000767C8 /* SupermarketCheckoutKataTests */,
				349EB5371AF03083000767C8 /* Products */,
			);
			sourceTree = "<group>";
		};
		349EB5371AF03083000767C8 /* Products */ = {
			isa = PBXGroup;
			children = (
				349EB5361AF03083000767C8 /* SupermarketCheckoutKata.app */,
				349EB54B1AF03083000767C8 /* SupermarketCheckoutKataTests.xctest */,
			);
			name = Products;
			sourceTree = "<group>";
		};
		349EB5381AF03083000767C8 /* SupermarketCheckoutKata */ = {
			isa = PBXGroup;
			children = (
				349EB53B1AF03083000767C8 /* AppDelegate.swift */,
				349EB53D1AF03083000767C8 /* ViewController.swift */,
				349EB53F1AF03083000767C8 /* Main.storyboard */,
				349EB5421AF03083000767C8 /* Images.xcassets */,
				349EB5441AF03083000767C8 /* LaunchScreen.xib */,
				349EB5391AF03083000767C8 /* Supporting Files */,
			);
			path = SupermarketCheckoutKata;
			sourceTree = "<group>";
		};
		349EB5391AF03083000767C8 /* Supporting Files */ = {
			isa = PBXGroup;
			children = (
				349EB53A1AF03083000767C8 /* Info.plist */,
			);
			name = "Supporting Files";
			sourceTree = "<group>";
		};
		349EB54E1AF03083000767C8 /* SupermarketCheckoutKataTests */ = {
			isa = PBXGroup;
			children = (
				349EB5511AF03083000767C8 /* SupermarketCheckoutKataTests.swift */,
				349EB54F1AF03083000767C8 /* Supporting Files */,
			);
			path = SupermarketCheckoutKataTests;
			sourceTree = "<group>";
		};
		349EB54F1AF03083000767C8 /* Supporting Files */ = {
			isa = PBXGroup;
			children = (
				349EB5501AF03083000767C8 /* Info.plist */,
			);
			name = "Supporting Files";
			sourceTree = "<group>";
		};
/* End PBXGroup section */

/* Begin PBXNativeTarget section */
		349EB5351AF03083000767C8 /* SupermarketCheckoutKata */ = {
			isa = PBXNativeTarget;
			buildConfigurationList = 349EB5551AF03083000767C8 /* Build configuration list for PBXNativeTarget "SupermarketCheckoutKata" */;
			buildPhases = (
				349EB5321AF03083000767C8 /* Sources */,
				349EB5331AF03083000767C8 /* Frameworks */,
				349EB5341AF03083000767C8 /* Resources */,
			);
			buildRules = (
			);
			dependencies = (
			);
			name = SupermarketCheckoutKata;
			productName = SupermarketCheckoutKata;
			productReference = 349EB5361AF03083000767C8 /* SupermarketCheckoutKata.app */;
			productType = "com.apple.product-type.application";
		};
		349EB54A1AF03083000767C8 /* SupermarketCheckoutKataTests */ = {
			isa = PBXNativeTarget;
			buildConfigurationList = 349EB5581AF03083000767C8 /* Build configuration list for PBXNativeTarget "SupermarketCheckoutKataTests" */;
			buildPhases = (
				349EB5471AF03083000767C8 /* Sources */,
				349EB5481AF03083000767C8 /* Frameworks */,
				349EB5491AF03083000767C8 /* Resources */,
			);
			buildRules = (
			);
			dependencies = (
				349EB54D1AF03083000767C8 /* PBXTargetDependency */,
			);
			name = SupermarketCheckoutKataTests;
			productName = SupermarketCheckoutKataTests;
			productReference = 349EB54B1AF03083000767C8 /* SupermarketCheckoutKataTests.xctest */;
			productType = "com.apple.product-type.bundle.unit-test";
		};
/* End PBXNativeTarget section */

/* Begin PBXProject section */
		349EB52E1AF03083000767C8 /* Project object */ = {
			isa = PBXProject;
			attributes = {
				LastUpgradeCheck = 0630;
				ORGANIZATIONNAME = "Matthew Healy";
				TargetAttributes = {
					349EB5351AF03083000767C8 = {
						CreatedOnToolsVersion = 6.3.1;
					};
					349EB54A1AF03083000767C8 = {
						CreatedOnToolsVersion = 6.3.1;
						TestTargetID = 349EB5351AF03083000767C8;
					};
				};
			};
			buildConfigurationList = 349EB5311AF03083000767C8 /* Build configuration list for PBXProject "SupermarketCheckoutKata" */;
			compatibilityVersion = "Xcode 3.2";
			developmentRegion = English;
			hasScannedForEncodings = 0;
			knownRegions = (
				en,
				Base,
			);
			mainGroup = 349EB52D1AF03083000767C8;
			productRefGroup = 349EB5371AF03083000767C8 /* Products */;
			projectDirPath = "";
			projectRoot = "";
			targets = (
				349EB5351AF03083000767C8 /* SupermarketCheckoutKata */,
				349EB54A1AF03083000767C8 /* SupermarketCheckoutKataTests */,
			);
		};
/* End PBXProject section */

/* Begin PBXResourcesBuildPhase section */
		349EB5341AF03083000767C8 /* Resources */ = {
			isa = PBXResourcesBuildPhase;
			buildActionMask = 2147483647;
			files = (
				349EB5411AF03083000767C8 /* Main.storyboard in Resources */,
				349EB5461AF03083000767C8 /* LaunchScreen.xib in Resources */,
				349EB5431AF03083000767C8 /* Images.xcassets in Resources */,
			);
			runOnlyForDeploymentPostprocessing = 0;
		};
		349EB5491AF03083000767C8 /* Resources */ = {
			isa = PBXResourcesBuildPhase;
			buildActionMask = 2147483647;
			files = (
			);
			runOnlyForDeploymentPostprocessing = 0;
		};
/* End PBXResourcesBuildPhase section */

/* Begin PBXSourcesBuildPhase section */
		349EB5321AF03083000767C8 /* Sources */ = {
			isa = PBXSourcesBuildPhase;
			buildActionMask = 2147483647;
			files = (
				349EB53E1AF03083000767C8 /* ViewController.swift in Sources */,
				349EB53C1AF03083000767C8 /* AppDelegate.swift in Sources */,
			);
			runOnlyForDeploymentPostprocessing = 0;
		};
		349EB5471AF03083000767C8 /* Sources */ = {
			isa = PBXSourcesBuildPhase;
			buildActionMask = 2147483647;
			files = (
				349EB5521AF03083000767C8 /* SupermarketCheckoutKataTests.swift in Sources */,
			);
			runOnlyForDeploymentPostprocessing = 0;
		};
/* End PBXSourcesBuildPhase section */

/* Begin PBXTargetDependency section */
		349EB54D1AF03083000767C8 /* PBXTargetDependency */ = {
			isa = PBXTargetDependency;
			target = 349EB5351AF03083000767C8 /* SupermarketCheckoutKata */;
			targetProxy = 349EB54C1AF03083000767C8 /* PBXContainerItemProxy */;
		};
/* End PBXTargetDependency section */

/* Begin PBXVariantGroup section */
		349EB53F1AF03083000767C8 /* Main.storyboard */ = {
			isa = PBXVariantGroup;
			children = (
				349EB5401AF03083000767C8 /* Base */,
			);
			name = Main.storyboard;
			sourceTree = "<group>";
		};
		349EB5441AF03083000767C8 /* LaunchScreen.xib */ = {
			isa = PBXVariantGroup;
			children = (
				349EB5451AF03083000767C8 /* Base */,
			);
			name = LaunchScreen.xib;
			sourceTree = "<group>";
		};
/* End PBXVariantGroup section */

/* Begin XCBuildConfiguration section */
		349EB5531AF03083000767C8 /* Debug */ = {
			isa = XCBuildConfiguration;
			buildSettings = {
				ALWAYS_SEARCH_USER_PATHS = NO;
				CLANG_CXX_LANGUAGE_STANDARD = "gnu++0x";
				CLANG_CXX_LIBRARY = "libc++";
				CLANG_ENABLE_MODULES = YES;
				CLANG_ENABLE_OBJC_ARC = YES;
				CLANG_WARN_BOOL_CONVERSION = YES;
				CLANG_WARN_CONSTANT_CONVERSION = YES;
				CLANG_WARN_DIRECT_OBJC_ISA_USAGE = YES_ERROR;
				CLANG_WARN_EMPTY_BODY = YES;
				CLANG_WARN_ENUM_CONVERSION = YES;
				CLANG_WARN_INT_CONVERSION = YES;
				CLANG_WARN_OBJC_ROOT_CLASS = YES_ERROR;
				CLANG_WARN_UNREACHABLE_CODE = YES;
				CLANG_WARN__DUPLICATE_METHOD_MATCH = YES;
				"CODE_SIGN_IDENTITY[sdk=iphoneos*]" = "iPhone Developer";
				COPY_PHASE_STRIP = NO;
				DEBUG_INFORMATION_FORMAT = "dwarf-with-dsym";
				ENABLE_STRICT_OBJC_MSGSEND = YES;
				GCC_C_LANGUAGE_STANDARD = gnu99;
				GCC_DYNAMIC_NO_PIC = NO;
				GCC_NO_COMMON_BLOCKS = YES;
				GCC_OPTIMIZATION_LEVEL = 0;
				GCC_PREPROCESSOR_DEFINITIONS = (
					"DEBUG=1",
					"$(inherited)",
				);
				GCC_SYMBOLS_PRIVATE_EXTERN = NO;
				GCC_WARN_64_TO_32_BIT_CONVERSION = YES;
				GCC_WARN_ABOUT_RETURN_TYPE = YES_ERROR;
				GCC_WARN_UNDECLARED_SELECTOR = YES;
				GCC_WARN_UNINITIALIZED_AUTOS = YES_AGGRESSIVE;
				GCC_WARN_UNUSED_FUNCTION = YES;
				GCC_WARN_UNUSED_VARIABLE = YES;
				IPHONEOS_DEPLOYMENT_TARGET = 8.3;
				MTL_ENABLE_DEBUG_INFO = YES;
				ONLY_ACTIVE_ARCH = YES;
				SDKROOT = iphoneos;
				SWIFT_OPTIMIZATION_LEVEL = "-Onone";
			};
			name = Debug;
		};
		349EB5541AF03083000767C8 /* Release */ = {
			isa = XCBuildConfiguration;
			buildSettings = {
				ALWAYS_SEARCH_USER_PATHS = NO;
				CLANG_CXX_LANGUAGE_STANDARD = "gnu++0x";
				CLANG_CXX_LIBRARY = "libc++";
				CLANG_ENABLE_MODULES = YES;
				CLANG_ENABLE_OBJC_ARC = YES;
				CLANG_WARN_BOOL_CONVERSION = YES;
				CLANG_WARN_CONSTANT_CONVERSION = YES;
				CLANG_WARN_DIRECT_OBJC_ISA_USAGE = YES_ERROR;
				CLANG_WARN_EMPTY_BODY = YES;
				CLANG_WARN_ENUM_CONVERSION = YES;
				CLANG_WARN_INT_CONVERSION = YES;
				CLANG_WARN_OBJC_ROOT_CLASS = YES_ERROR;
				CLANG_WARN_UNREACHABLE_CODE = YES;
				CLANG_WARN__DUPLICATE_METHOD_MATCH = YES;
				"CODE_SIGN_IDENTITY[sdk=iphoneos*]" = "iPhone Developer";
				COPY_PHASE_STRIP = NO;
				DEBUG_INFORMATION_FORMAT = "dwarf-with-dsym";
				ENABLE_NS_ASSERTIONS = NO;
				ENABLE_STRICT_OBJC_MSGSEND = YES;
				GCC_C_LANGUAGE_STANDARD = gnu99;
				GCC_NO_COMMON_BLOCKS = YES;
				GCC_WARN_64_TO_32_BIT_CONVERSION = YES;
				GCC_WARN_ABOUT_RETURN_TYPE = YES_ERROR;
				GCC_WARN_UNDECLARED_SELECTOR = YES;
				GCC_WARN_UNINITIALIZED_AUTOS = YES_AGGRESSIVE;
				GCC_WARN_UNUSED_FUNCTION = YES;
				GCC_WARN_UNUSED_VARIABLE = YES;
				IPHONEOS_DEPLOYMENT_TARGET = 8.3;
				MTL_ENABLE_DEBUG_INFO = NO;
				SDKROOT = iphoneos;
				VALIDATE_PRODUCT = YES;
			};
			name = Release;
		};
		349EB5561AF03083000767C8 /* Debug */ = {
			isa = XCBuildConfiguration;
			buildSettings = {
				ASSETCATALOG_COMPILER_APPICON_NAME = AppIcon;
				INFOPLIST_FILE = SupermarketCheckoutKata/Info.plist;
				LD_RUNPATH_SEARCH_PATHS = "$(inherited) @executable_path/Frameworks";
				PRODUCT_NAME = "$(TARGET_NAME)";
			};
			name = Debug;
		};
		349EB5571AF03083000767C8 /* Release */ = {
			isa = XCBuildConfiguration;
			buildSettings = {
				ASSETCATALOG_COMPILER_APPICON_NAME = AppIcon;
				INFOPLIST_FILE = SupermarketCheckoutKata/Info.plist;
				LD_RUNPATH_SEARCH_PATHS = "$(inherited) @executable_path/Frameworks";
				PRODUCT_NAME = "$(TARGET_NAME)";
			};
			name = Release;
		};
		349EB5591AF03083000767C8 /* Debug */ = {
			isa = XCBuildConfiguration;
			buildSettings = {
				BUNDLE_LOADER = "$(TEST_HOST)";
				FRAMEWORK_SEARCH_PATHS = (
					"$(SDKROOT)/Developer/Library/Frameworks",
					"$(inherited)",
				);
				GCC_PREPROCESSOR_DEFINITIONS = (
					"DEBUG=1",
					"$(inherited)",
				);
				INFOPLIST_FILE = SupermarketCheckoutKataTests/Info.plist;
				LD_RUNPATH_SEARCH_PATHS = "$(inherited) @executable_path/Frameworks @loader_path/Frameworks";
				PRODUCT_NAME = "$(TARGET_NAME)";
				TEST_HOST = "$(BUILT_PRODUCTS_DIR)/SupermarketCheckoutKata.app/SupermarketCheckoutKata";
			};
			name = Debug;
		};
		349EB55A1AF03083000767C8 /* Release */ = {
			isa = XCBuildConfiguration;
			buildSettings = {
				BUNDLE_LOADER = "$(TEST_HOST)";
				FRAMEWORK_SEARCH_PATHS = (
					"$(SDKROOT)/Developer/Library/Frameworks",
					"$(inherited)",
				);
				INFOPLIST_FILE = SupermarketCheckoutKataTests/Info.plist;
				LD_RUNPATH_SEARCH_PATHS = "$(inherited) @executable_path/Frameworks @loader_path/Frameworks";
				PRODUCT_NAME = "$(TARGET_NAME)";
				TEST_HOST = "$(BUILT_PRODUCTS_DIR)/SupermarketCheckoutKata.app/SupermarketCheckoutKata";
			};
			name = Release;
		};
/* End XCBuildConfiguration section */

/* Begin XCConfigurationList section */
		349EB5311AF03083000767C8 /* Build configuration list for PBXProject "SupermarketCheckoutKata" */ = {
			isa = XCConfigurationList;
			buildConfigurations = (
				349EB5531AF03083000767C8 /* Debug */,
				349EB5541AF03083000767C8 /* Release */,
			);
			defaultConfigurationIsVisible = 0;
			defaultConfigurationName = Release;
		};
		349EB5551AF03083000767C8 /* Build configuration list for PBXNativeTarget "SupermarketCheckoutKata" */ = {
			isa = XCConfigurationList;
			buildConfigurations = (
				349EB5561AF03083000767C8 /* Debug */,
				349EB5571AF03083000767C8 /* Release */,
			);
			defaultConfigurationIsVisible = 0;
		};
		349EB5581AF03083000767C8 /* Build configuration list for PBXNativeTarget "SupermarketCheckoutKataTests" */ = {
			isa = XCConfigurationList;
			buildConfigurations = (
				349EB5591AF03083000767C8 /* Debug */,
				349EB55A1AF03083000767C8 /* Release */,
			);
			defaultConfigurationIsVisible = 0;
		};
/* End XCConfigurationList section */
	};
	rootObject = 349EB52E1AF03083000767C8 /* Project object */;
}
